
Microsoft Visual Studio Solution File, Format Version 12.00
# Visual Studio Version 17
VisualStudioVersion = 17.1.32228.430
MinimumVisualStudioVersion = 10.0.40219.1
Project("{9A19103F-16F7-4668-BE54-9A1E7A4F7556}") = "PrimeComposite", "PrimeComposite\PrimeComposite.csproj", "{04CB1985-0466-46A1-B6E3-50F1FBA55336}"
EndProject
Project("{FAE04EC0-301F-11D3-BF4B-00C04F79EFBC}") = "PrimeCompositeXunit", "PrimeCompositeXunit\PrimeCompositeXunit.csproj", "{D6C4DAC3-6C5B-4198-88A8-D75A6C7518D3}"
EndProject
Global
	GlobalSection(SolutionConfigurationPlatforms) = preSolution
		Debug|Any CPU = Debug|Any CPU
		Release|Any CPU = Release|Any CPU
	EndGlobalSection
	GlobalSection(ProjectConfigurationPlatforms) = postSolution
		{04CB1985-0466-46A1-B6E3-50F1FBA55336}.Debug|Any CPU.ActiveCfg = Debug|Any CPU
		{04CB1985-0466-46A1-B6E3-50F1FBA55336}.Debug|Any CPU.Build.0 = Debug|Any CPU
		{04CB1985-0466-46A1-B6E3-50F1FBA55336}.Release|Any CPU.ActiveCfg = Release|Any CPU
		{04CB1985-0466-46A1-B6E3-50F1FBA55336}.Release|Any CPU.Build.0 = Release|Any CPU
		{D6C4DAC3-6C5B-4198-88A8-D75A6C7518D3}.Debug|Any CPU.ActiveCfg = Debug|Any CPU
		{D6C4DAC3-6C5B-4198-88A8-D75A6C7518D3}.Debug|Any CPU.Build.0 = Debug|Any CPU
		{D6C4DAC3-6C5B-4198-88A8-D75A6C7518D3}.Release|Any CPU.ActiveCfg = Release|Any CPU
		{D6C4DAC3-6C5B-4198-88A8-D75A6C7518D3}.Release|Any CPU.Build.0 = Release|Any CPU
	EndGlobalSection
	GlobalSection(SolutionProperties) = preSolution
		HideSolutionNode = FALSE
	EndGlobalSection
	GlobalSection(ExtensibilityGlobals) = postSolution
		SolutionGuid = {720F8F5B-BA1C-4633-996B-707E2636610F}
	EndGlobalSection
EndGlobal
